{
  "name": "smash-cli",
  "version": "0.0.1",
  "lockfileVersion": 1,
  "requires": true,
  "dependencies": {
    "commander": {
      "version": "2.19.0",
      "resolved": "http://registry.npm.taobao.org/commander/download/commander-2.19.0.tgz",
      "integrity": "sha1-9hmKqE5bg8RgVLlN3tv+1e6f8So="
    },
    "smash-task-configure-creator": {
      "version": "1.0.2",
      "resolved": "https://registry.npmjs.org/smash-task-configure-creator/-/smash-task-configure-creator-1.0.2.tgz",
      "integrity": "sha512-p9Zaa/MFh72a9cgghsYABmPENIfn/y3/uA/9UFvqZWL/J5EeBiYJVGrRmcs0Ge86YjRLk08a61NjI7kHztDRyw=="
    },
    "yaml": {
      "version": "1.0.2",
      "resolved": "http://registry.npm.taobao.org/yaml/download/yaml-1.0.2.tgz",
      "integrity": "sha1-d5QaRXCQ4XuMpltTMi5ooFDgkNQ="
    }
  }
}
